
Microsoft Visual Studio Solution File, Format Version 12.00
# Visual Studio Version 16
VisualStudioVersion = 16.0.31112.23
MinimumVisualStudioVersion = 10.0.40219.1
Project("{FAE04EC0-301F-11D3-BF4B-00C04F79EFBC}") = "WindowsLiderEntrega", "WindowsLiderEntrega.csproj", "{0F042020-BD38-49D2-9A5A-03519D6FDF16}"
EndProject
Project("{FAE04EC0-301F-11D3-BF4B-00C04F79EFBC}") = "WindowsLiderEntrega.Utility", "..\WindowsLiderEntrega.Utility\WindowsLiderEntrega.Utility.csproj", "{93339575-2E71-4891-9941-B08AF73E2704}"
EndProject
Project("{FAE04EC0-301F-11D3-BF4B-00C04F79EFBC}") = "WindowsLiderEntrega.Exceptions", "..\WindowsLiderEntrega.Exceptions\WindowsLiderEntrega.Exceptions.csproj", "{2E9CA1D6-3C23-4C89-9F75-92B9590560EE}"
EndProject
Project("{2150E333-8FDC-42A3-9474-1A3956D46DE8}") = "01-WindowsForms", "01-WindowsForms", "{4BD22289-4162-481A-99AD-285E204803A3}"
EndProject
Project("{2150E333-8FDC-42A3-9474-1A3956D46DE8}") = "02-Utility", "02-Utility", "{CBAAF907-BCB0-4DC4-8D8D-E18967B0098B}"
EndProject
Project("{2150E333-8FDC-42A3-9474-1A3956D46DE8}") = "03-Exceptions", "03-Exceptions", "{51D9C7E6-6A7C-4C6F-8C44-5C2CC1E9476A}"
EndProject
Global
	GlobalSection(SolutionConfigurationPlatforms) = preSolution
		Debug|Any CPU = Debug|Any CPU
		Release|Any CPU = Release|Any CPU
	EndGlobalSection
	GlobalSection(ProjectConfigurationPlatforms) = postSolution
		{0F042020-BD38-49D2-9A5A-03519D6FDF16}.Debug|Any CPU.ActiveCfg = Debug|Any CPU
		{0F042020-BD38-49D2-9A5A-03519D6FDF16}.Debug|Any CPU.Build.0 = Debug|Any CPU
		{0F042020-BD38-49D2-9A5A-03519D6FDF16}.Release|Any CPU.ActiveCfg = Release|Any CPU
		{0F042020-BD38-49D2-9A5A-03519D6FDF16}.Release|Any CPU.Build.0 = Release|Any CPU
		{93339575-2E71-4891-9941-B08AF73E2704}.Debug|Any CPU.ActiveCfg = Debug|Any CPU
		{93339575-2E71-4891-9941-B08AF73E2704}.Debug|Any CPU.Build.0 = Debug|Any CPU
		{93339575-2E71-4891-9941-B08AF73E2704}.Release|Any CPU.ActiveCfg = Release|Any CPU
		{93339575-2E71-4891-9941-B08AF73E2704}.Release|Any CPU.Build.0 = Release|Any CPU
		{2E9CA1D6-3C23-4C89-9F75-92B9590560EE}.Debug|Any CPU.ActiveCfg = Debug|Any CPU
		{2E9CA1D6-3C23-4C89-9F75-92B9590560EE}.Debug|Any CPU.Build.0 = Debug|Any CPU
		{2E9CA1D6-3C23-4C89-9F75-92B9590560EE}.Release|Any CPU.ActiveCfg = Release|Any CPU
		{2E9CA1D6-3C23-4C89-9F75-92B9590560EE}.Release|Any CPU.Build.0 = Release|Any CPU
	EndGlobalSection
	GlobalSection(SolutionProperties) = preSolution
		HideSolutionNode = FALSE
	EndGlobalSection
	GlobalSection(NestedProjects) = preSolution
		{0F042020-BD38-49D2-9A5A-03519D6FDF16} = {4BD22289-4162-481A-99AD-285E204803A3}
		{93339575-2E71-4891-9941-B08AF73E2704} = {CBAAF907-BCB0-4DC4-8D8D-E18967B0098B}
		{2E9CA1D6-3C23-4C89-9F75-92B9590560EE} = {51D9C7E6-6A7C-4C6F-8C44-5C2CC1E9476A}
	EndGlobalSection
	GlobalSection(ExtensibilityGlobals) = postSolution
		SolutionGuid = {D681576D-1E82-4188-8F2E-DC7E9EA094D0}
	EndGlobalSection
EndGlobal
